<?xml version="1.0" encoding="utf-8"?>
<Project ToolsVersion="4.0" xmlns="http://schemas.microsoft.com/developer/msbuild/2003">
  <ItemGroup>
    <Filter Include="PS">
      <UniqueIdentifier>{4cd223d7-1f6b-4fa1-b58b-285fb63d7e2a}</UniqueIdentifier>
    </Filter>
    <Filter Include="VS">
      <UniqueIdentifier>{86383fd5-1476-499a-b582-ac96f4657d36}</UniqueIdentifier>
    </Filter>
  </ItemGroup>
  <ItemGroup>
    <FxCompile Include="$(MSBuildThisFileDirectory)TriangleVS.hlsl">
      <Filter>VS</Filter>
    </FxCompile>
    <FxCompile Include="$(MSBuildThisFileDirectory)TrianglePS.hlsl">
      <Filter>PS</Filter>
    </FxCompile>
  </ItemGroup>
</Project>