<?xml version="1.0" encoding="utf-8"?>
<Project ToolsVersion="4.0" xmlns="http://schemas.microsoft.com/developer/msbuild/2003">
  <ItemGroup>
    <ClCompile Include="JNSEngine.cpp" />
    <ClCompile Include="jnsBGBase.cpp">
      <Filter>Contents\BGclass\Base</Filter>
    </ClCompile>
    <ClCompile Include="jnsLoginBG.cpp">
      <Filter>Contents\BGclass\Login</Filter>
    </ClCompile>
    <ClCompile Include="jnsWorldSelectBG.cpp">
      <Filter>Contents\BGclass\WorldSelect</Filter>
    </ClCompile>
    <ClCompile Include="jnsCameraScript.cpp">
      <Filter>Contents\Script</Filter>
    </ClCompile>
    <ClCompile Include="jnsRutabysMain.cpp">
      <Filter>Contents\BGclass\Rutabys</Filter>
    </ClCompile>
    <ClCompile Include="jnsCharactorMakeBG.cpp">
      <Filter>Contents\BGclass\CharactorMake</Filter>
    </ClCompile>
    <ClCompile Include="jnsSelectBG.cpp">
      <Filter>Contents\BGclass\Select</Filter>
    </ClCompile>
    <ClCompile Include="jnsLoginScene.cpp">
      <Filter>Contents\Scenes\LoginScene</Filter>
    </ClCompile>
    <ClCompile Include="jnsWorldSelectScene.cpp">
      <Filter>Contents\Scenes\WorldSelectScene</Filter>
    </ClCompile>
    <ClCompile Include="jnsCharactorMakeScene.cpp">
      <Filter>Contents\Scenes\CharactorMakeScene</Filter>
    </ClCompile>
    <ClCompile Include="jnsRutabysBossScene.cpp">
      <Filter>Contents\Scenes\RutabysBossScene</Filter>
    </ClCompile>
    <ClCompile Include="jnsRutabysScene.cpp">
      <Filter>Contents\Scenes\RutabysScene</Filter>
    </ClCompile>
    <ClCompile Include="jnsSelectScene.cpp">
      <Filter>Contents\Scenes\SelectScene</Filter>
    </ClCompile>
    <ClCompile Include="jnsRutabysBossBG.cpp">
      <Filter>Contents\BGclass\RutabysBoss</Filter>
    </ClCompile>
    <ClCompile Include="jnstestScript.cpp">
      <Filter>Contents\Script</Filter>
    </ClCompile>
    <ClCompile Include="jnsUIBase.cpp">
      <Filter>Contents\UI\Base</Filter>
    </ClCompile>
    <ClCompile Include="jnsPlayScene.cpp">
      <Filter>Contents\Scenes\Base</Filter>
    </ClCompile>
    <ClCompile Include="jnsExpMaxBar.cpp">
      <Filter>Contents\UI\ExpBarBase\ExpMaxBar</Filter>
    </ClCompile>
    <ClCompile Include="jnsExpBar.cpp">
      <Filter>Contents\UI\ExpBarBase\ExpBar</Filter>
    </ClCompile>
    <ClCompile Include="jnsExpBarMoveScript.cpp">
      <Filter>Contents\Script</Filter>
    </ClCompile>
    <ClCompile Include="jnsSkillQuickSlotBackUI.cpp">
      <Filter>Contents\UI\SkillQuickSlotBase\SkillQuickSlotBack</Filter>
    </ClCompile>
    <ClCompile Include="jnsCenterStatus.cpp">
      <Filter>Contents\UI\Status\Status</Filter>
    </ClCompile>
    <ClCompile Include="jnsHpBar.cpp">
      <Filter>Contents\UI\Status\HpBar</Filter>
    </ClCompile>
    <ClCompile Include="jnsMpBar.cpp">
      <Filter>Contents\UI\Status\MpBar</Filter>
    </ClCompile>
    <ClCompile Include="jnsSkillQuickSlotFront.cpp">
      <Filter>Contents\UI\SkillQuickSlotBase\SkillQuickSlotFront</Filter>
    </ClCompile>
    <ClCompile Include="jnsSkillExtentionSlot.cpp">
      <Filter>Contents\UI\SkillQuickSlotBase\SkillQuickSlotExtension</Filter>
    </ClCompile>
    <ClCompile Include="jnsShopSlotBack.cpp">
      <Filter>Contents\UI\ShopSlotBase\ShopSlotBack</Filter>
    </ClCompile>
    <ClCompile Include="jnsShopSlotBack2.cpp">
      <Filter>Contents\UI\ShopSlotBase\ShopSlotBack2</Filter>
    </ClCompile>
    <ClCompile Include="jnsShopSlotBack3.cpp">
      <Filter>Contents\UI\ShopSlotBase\ShopSlotBack3</Filter>
    </ClCompile>
    <ClCompile Include="jnsCursor.cpp">
      <Filter>Contents\Cursor</Filter>
    </ClCompile>
    <ClCompile Include="jnsGridScrpt.cpp" />
    <ClCompile Include="jnsSmoke.cpp">
      <Filter>Effect\CloudEffect</Filter>
    </ClCompile>
    <ClCompile Include="jnsPlayerScript.cpp">
      <Filter>Contents\Script</Filter>
    </ClCompile>
    <ClCompile Include="jnsPlayer.cpp">
      <Filter>Contents\Player</Filter>
    </ClCompile>
    <ClCompile Include="jnsCameraObject.cpp">
      <Filter>Contents\Camera</Filter>
    </ClCompile>
  </ItemGroup>
  <ItemGroup>
    <ClInclude Include="framework.h" />
    <ClInclude Include="LoadScene.h">
      <Filter>Contents\Load</Filter>
    </ClInclude>
    <ClInclude Include="jnsBGBase.h">
      <Filter>Contents\BGclass\Base</Filter>
    </ClInclude>
    <ClInclude Include="jnsWorldSelectBG.h">
      <Filter>Contents\BGclass\WorldSelect</Filter>
    </ClInclude>
    <ClInclude Include="jnsLoginBG.h">
      <Filter>Contents\BGclass\Login</Filter>
    </ClInclude>
    <ClInclude Include="jnsCameraScript.h">
      <Filter>Contents\Script</Filter>
    </ClInclude>
    <ClInclude Include="jnsRutabysMain.h">
      <Filter>Contents\BGclass\Rutabys</Filter>
    </ClInclude>
    <ClInclude Include="jnsCharactorMakeBG.h">
      <Filter>Contents\BGclass\CharactorMake</Filter>
    </ClInclude>
    <ClInclude Include="jnsSelectBG.h">
      <Filter>Contents\BGclass\Select</Filter>
    </ClInclude>
    <ClInclude Include="jnsLoginScene.h">
      <Filter>Contents\Scenes\LoginScene</Filter>
    </ClInclude>
    <ClInclude Include="jnsWorldSelectScene.h">
      <Filter>Contents\Scenes\WorldSelectScene</Filter>
    </ClInclude>
    <ClInclude Include="jnsCharactorMakeScene.h">
      <Filter>Contents\Scenes\CharactorMakeScene</Filter>
    </ClInclude>
    <ClInclude Include="jnsRutabysBossScene.h">
      <Filter>Contents\Scenes\RutabysBossScene</Filter>
    </ClInclude>
    <ClInclude Include="jnsRutabysScene.h">
      <Filter>Contents\Scenes\RutabysScene</Filter>
    </ClInclude>
    <ClInclude Include="jnsSelectScene.h">
      <Filter>Contents\Scenes\SelectScene</Filter>
    </ClInclude>
    <ClInclude Include="jnsRutabysBossBG.h">
      <Filter>Contents\BGclass\RutabysBoss</Filter>
    </ClInclude>
    <ClInclude Include="jnstestScript.h">
      <Filter>Contents\Script</Filter>
    </ClInclude>
    <ClInclude Include="jnsUIBase.h">
      <Filter>Contents\UI\Base</Filter>
    </ClInclude>
    <ClInclude Include="jnsPlayScene.h">
      <Filter>Contents\Scenes\Base</Filter>
    </ClInclude>
    <ClInclude Include="jnsExpMaxBar.h">
      <Filter>Contents\UI\ExpBarBase\ExpMaxBar</Filter>
    </ClInclude>
    <ClInclude Include="jnsExpBar.h">
      <Filter>Contents\UI\ExpBarBase\ExpBar</Filter>
    </ClInclude>
    <ClInclude Include="jnsExpBarMoveScript.h">
      <Filter>Contents\Script</Filter>
    </ClInclude>
    <ClInclude Include="CommonUIInclude.h">
      <Filter>Contents\UI\Common_UI_Include</Filter>
    </ClInclude>
    <ClInclude Include="CommonSceneInclude.h">
      <Filter>Contents\Scenes\Common_Scene_Include</Filter>
    </ClInclude>
    <ClInclude Include="jnsSkillQuickSlotBackUI.h">
      <Filter>Contents\UI\SkillQuickSlotBase\SkillQuickSlotBack</Filter>
    </ClInclude>
    <ClInclude Include="jnsCenterStatus.h">
      <Filter>Contents\UI\Status\Status</Filter>
    </ClInclude>
    <ClInclude Include="jnsHpBar.h">
      <Filter>Contents\UI\Status\HpBar</Filter>
    </ClInclude>
    <ClInclude Include="jnsMpBar.h">
      <Filter>Contents\UI\Status\MpBar</Filter>
    </ClInclude>
    <ClInclude Include="ObjectTemplate.h">
      <Filter>Contents\Object</Filter>
    </ClInclude>
    <ClInclude Include="jnsSkillQuickSlotFront.h">
      <Filter>Contents\UI\SkillQuickSlotBase\SkillQuickSlotFront</Filter>
    </ClInclude>
    <ClInclude Include="jnsSkillExtentionSlot.h">
      <Filter>Contents\UI\SkillQuickSlotBase\SkillQuickSlotExtension</Filter>
    </ClInclude>
    <ClInclude Include="jnsShopSlotBack.h">
      <Filter>Contents\UI\ShopSlotBase\ShopSlotBack</Filter>
    </ClInclude>
    <ClInclude Include="jnsShopSlotBack2.h">
      <Filter>Contents\UI\ShopSlotBase\ShopSlotBack2</Filter>
    </ClInclude>
    <ClInclude Include="jnsShopSlotBack3.h">
      <Filter>Contents\UI\ShopSlotBase\ShopSlotBack3</Filter>
    </ClInclude>
    <ClInclude Include="jnsCursor.h">
      <Filter>Contents\Cursor</Filter>
    </ClInclude>
    <ClInclude Include="jnsGridScrpt.h" />
    <ClInclude Include="jnsSmoke.h">
      <Filter>Effect\CloudEffect</Filter>
    </ClInclude>
    <ClInclude Include="jnsPlayerScript.h">
      <Filter>Contents\Script</Filter>
    </ClInclude>
    <ClInclude Include="jnsPlayer.h">
      <Filter>Contents\Player</Filter>
    </ClInclude>
    <ClInclude Include="jnsCameraObject.h">
      <Filter>Contents\Camera</Filter>
    </ClInclude>
  </ItemGroup>
  <ItemGroup>
    <Filter Include="Contents">
      <UniqueIdentifier>{d6b676d0-5e84-4e38-adea-589158957292}</UniqueIdentifier>
    </Filter>
    <Filter Include="Contents\BGclass">
      <UniqueIdentifier>{e27dfaf8-51bc-43ab-856c-8d418a089bd4}</UniqueIdentifier>
    </Filter>
    <Filter Include="Contents\BGclass\Base">
      <UniqueIdentifier>{27979ad5-1da6-4e6a-823e-965f375435e3}</UniqueIdentifier>
    </Filter>
    <Filter Include="Contents\Scenes">
      <UniqueIdentifier>{a62972e2-fd6b-41a6-921a-da915b11494d}</UniqueIdentifier>
    </Filter>
    <Filter Include="Contents\Script">
      <UniqueIdentifier>{d58dd3b1-9043-4176-ab06-8304d0a46169}</UniqueIdentifier>
    </Filter>
    <Filter Include="Contents\Load">
      <UniqueIdentifier>{bdc2b44d-23ec-4cdf-a5fc-51b0ff96a61c}</UniqueIdentifier>
    </Filter>
    <Filter Include="Contents\Scenes\Base">
      <UniqueIdentifier>{f34c79d8-cb92-4a69-97cd-29c94d78eca7}</UniqueIdentifier>
    </Filter>
    <Filter Include="Contents\UI">
      <UniqueIdentifier>{420365c8-dc67-4ff2-9111-51ce0be90f97}</UniqueIdentifier>
    </Filter>
    <Filter Include="Contents\UI\Base">
      <UniqueIdentifier>{a6ce2f77-7c09-4c63-8da8-49a3808a3685}</UniqueIdentifier>
    </Filter>
    <Filter Include="Contents\Scenes\CharactorMakeScene">
      <UniqueIdentifier>{e69c1a37-d769-4215-b07f-7777ec54f51a}</UniqueIdentifier>
    </Filter>
    <Filter Include="Contents\Scenes\LoginScene">
      <UniqueIdentifier>{b5070b48-2c7a-4e81-a7e9-e263074274b2}</UniqueIdentifier>
    </Filter>
    <Filter Include="Contents\Scenes\RutabysBossScene">
      <UniqueIdentifier>{412a33a2-eee3-4041-a7a1-bc88ec32b323}</UniqueIdentifier>
    </Filter>
    <Filter Include="Contents\Scenes\RutabysScene">
      <UniqueIdentifier>{43ebd5e5-b314-45cb-982a-c046f8a5c23a}</UniqueIdentifier>
    </Filter>
    <Filter Include="Contents\Scenes\WorldSelectScene">
      <UniqueIdentifier>{e55ee570-9542-4720-a47f-83884f919b0d}</UniqueIdentifier>
    </Filter>
    <Filter Include="Contents\Scenes\SelectScene">
      <UniqueIdentifier>{903899f2-90a8-48de-836f-5d54e6366c4e}</UniqueIdentifier>
    </Filter>
    <Filter Include="Contents\BGclass\WorldSelect">
      <UniqueIdentifier>{065216b3-c938-4600-aea6-0ead1ba8074f}</UniqueIdentifier>
    </Filter>
    <Filter Include="Contents\BGclass\CharactorMake">
      <UniqueIdentifier>{38515cc9-7fcd-42ed-b685-1c7cfc4be8d7}</UniqueIdentifier>
    </Filter>
    <Filter Include="Contents\BGclass\Login">
      <UniqueIdentifier>{d5d20792-c87c-49d6-8bb5-6f065771f9a4}</UniqueIdentifier>
    </Filter>
    <Filter Include="Contents\BGclass\Rutabys">
      <UniqueIdentifier>{9d2508d4-9fd7-442b-a898-4d8e5a9fbca6}</UniqueIdentifier>
    </Filter>
    <Filter Include="Contents\BGclass\RutabysBoss">
      <UniqueIdentifier>{18295b91-db7c-49a4-86fa-e80414a29f6f}</UniqueIdentifier>
    </Filter>
    <Filter Include="Contents\BGclass\Select">
      <UniqueIdentifier>{100acdc9-77ed-426e-87d3-a6516ca32861}</UniqueIdentifier>
    </Filter>
    <Filter Include="Contents\UI\ExpBarBase">
      <UniqueIdentifier>{4f6e29fe-7f26-47e7-a2c0-f2a77c9db7ac}</UniqueIdentifier>
    </Filter>
    <Filter Include="Contents\UI\ExpBarBase\ExpMaxBar">
      <UniqueIdentifier>{9ecdbfe0-cd25-465b-924d-ce645f88fbe8}</UniqueIdentifier>
    </Filter>
    <Filter Include="Contents\UI\SkillQuickSlotBase">
      <UniqueIdentifier>{9be66c13-4b62-4b40-860e-06de4319ae6a}</UniqueIdentifier>
    </Filter>
    <Filter Include="Contents\UI\SkillQuickSlotBase\SkillQuickSlotBack">
      <UniqueIdentifier>{47d5b13a-6fa6-4c16-a30e-c8559079eb27}</UniqueIdentifier>
    </Filter>
    <Filter Include="Contents\UI\SkillQuickSlotBase\SkillQuickSlotFront">
      <UniqueIdentifier>{8a6b9a35-3f79-49a8-8a4c-570a3812a8c8}</UniqueIdentifier>
    </Filter>
    <Filter Include="Contents\UI\SkillQuickSlotBase\SkillQuickSlotExtension">
      <UniqueIdentifier>{a124cad9-b8c1-4916-9eea-042d87c105a2}</UniqueIdentifier>
    </Filter>
    <Filter Include="Contents\UI\ExpBarBase\ExpBar">
      <UniqueIdentifier>{79c3dfa7-a9dd-4399-b544-fbe667965fa1}</UniqueIdentifier>
    </Filter>
    <Filter Include="Contents\UI\Status">
      <UniqueIdentifier>{d0423d8f-d317-49d9-b0ba-f5d7b13bb161}</UniqueIdentifier>
    </Filter>
    <Filter Include="Contents\UI\Common_UI_Include">
      <UniqueIdentifier>{71a0510d-f333-4623-92f7-27cea89bdaad}</UniqueIdentifier>
    </Filter>
    <Filter Include="Contents\Scenes\Common_Scene_Include">
      <UniqueIdentifier>{6f016909-143a-474d-8b90-d1b3fb5f06c4}</UniqueIdentifier>
    </Filter>
    <Filter Include="Contents\UI\Status\Status">
      <UniqueIdentifier>{ea109b0d-a33a-4323-9906-7f445d754042}</UniqueIdentifier>
    </Filter>
    <Filter Include="Contents\UI\Status\HpBar">
      <UniqueIdentifier>{adc49d43-3898-4ef7-8dfe-b820da992a48}</UniqueIdentifier>
    </Filter>
    <Filter Include="Contents\UI\Status\MpBar">
      <UniqueIdentifier>{065f278a-a7b9-4f97-bd39-b78ebfdffa2a}</UniqueIdentifier>
    </Filter>
    <Filter Include="Contents\Object">
      <UniqueIdentifier>{d19b53d9-0d61-451d-bce3-792120a28bf2}</UniqueIdentifier>
    </Filter>
    <Filter Include="Contents\UI\ShopSlotBase">
      <UniqueIdentifier>{245ddfc0-0a82-45ed-b0b8-2f45dda81beb}</UniqueIdentifier>
    </Filter>
    <Filter Include="Contents\UI\ShopSlotBase\ShopSlotBack">
      <UniqueIdentifier>{1b81cb58-d204-4624-9b6e-0ffcda9d5d06}</UniqueIdentifier>
    </Filter>
    <Filter Include="Contents\UI\ShopSlotBase\ShopSlotBack2">
      <UniqueIdentifier>{d78fecb9-fe00-4caf-9d80-2c579e1a28b6}</UniqueIdentifier>
    </Filter>
    <Filter Include="Contents\UI\ShopSlotBase\ShopSlotBack3">
      <UniqueIdentifier>{6f19ab81-29da-4c66-a777-7b04d4128473}</UniqueIdentifier>
    </Filter>
    <Filter Include="Contents\Cursor">
      <UniqueIdentifier>{a34497c8-eae2-4f75-8e5d-69f689f9b0fa}</UniqueIdentifier>
    </Filter>
    <Filter Include="Effect">
      <UniqueIdentifier>{c7f83e6f-e308-4e08-9069-9a57307adaa9}</UniqueIdentifier>
    </Filter>
    <Filter Include="Effect\CloudEffect">
      <UniqueIdentifier>{ccd36ea5-6164-40c5-95d1-87fa5badda18}</UniqueIdentifier>
    </Filter>
    <Filter Include="Contents\Player">
      <UniqueIdentifier>{cf935b49-fa4d-4ce5-9be0-da440a776684}</UniqueIdentifier>
    </Filter>
    <Filter Include="Contents\Camera">
      <UniqueIdentifier>{7dddd1f5-4e6a-4a5c-8b42-a1353f27dae6}</UniqueIdentifier>
    </Filter>
  </ItemGroup>
</Project>